{
    "_meta": {
        "hash": {
            "sha256": "05bb4fa1ae93eacf58f3392d4a5a51d0ab13a2d1670131109205cd6e3d1c92b0"
        },
        "pipfile-spec": 6,
        "requires": {
            "python_version": "3.7"
        },
        "sources": [
            {
                "name": "pypi",
                "url": "https://pypi.org/simple",
                "verify_ssl": true
            }
        ]
    },
    "default": {
        "django": {
            "hashes": [
                "sha256:4d23f61b26892bac785f07401bc38cbf8fa4cec993f400e9cd9ddf28fd51c0ea",
                "sha256:6e974d4b57e3b29e4882b244d40171d6a75202ab8d2402b8e8adbd182e25cf0c"
            ],
            "index": "pypi",
            "version": "==2.2.3"
        },
        "django-adminlte2": {
            "hashes": [
                "sha256:a0f99b0086234311fd3c409a3f70bc4b5e5e82ebf449a7b6656e78632636de4c",
                "sha256:e359b9e18b79c3d0420db1396de90ce3325e759f41ff79edee26af3a017bc0be"
            ],
            "index": "pypi",
            "version": "==0.4.1"
        },
        "django-bootstrap-breadcrumbs": {
            "hashes": [
                "sha256:ac97195153317e5a5063285ab60f579b6c9de744307c2b09eb2606416e9754ea",
                "sha256:bf0eed1b8114c0d883d723e8f2fc27a0a331293f97514b1a4f904a5d02d502f9",
                "sha256:e1c33e58c68324d9ba5a3f3c60b672311289aa108b0b338de82eefc4efaaaacb"
            ],
            "version": "==0.9.1"
        },
        "django-chartjs": {
            "hashes": [
                "sha256:68bab8cac770afc9b586db59f01295e9bf55198ec58557ca24acd20c0fea7500",
                "sha256:e93d69a123b45ca2cff72b1a4a9edf9b9a2ff678da47d222db31a32eed55859a"
            ],
            "index": "pypi",
            "version": "==1.5.0"
        },
        "django-jquery": {
            "hashes": [
                "sha256:414ac1083708ac71cc771612e7287702c939d06cd357fd53bb1271a4f6255115",
                "sha256:e7e2ac14234bac26be937e448d94efd6d37ee2f3cdbaa2def3c8e74c2afb2b9a"
            ],
            "index": "pypi",
            "version": "==3.1.0"
        },
        "django-view-breadcrumbs": {
            "hashes": [
                "sha256:401b0ba8ff8ad59dde7ea2910f584c9154b2f8cc20452b151846a481ae36564e",
                "sha256:8740165c9fe6018e5580c24d9ab71a0a5ed6b6ba2f2c4cd02cd8caf463846c1a"
            ],
            "index": "pypi",
            "version": "==0.1.0"
        },
        "pytz": {
            "hashes": [
                "sha256:303879e36b721603cc54604edcac9d20401bdbe31e1e4fdee5b9f98d5d31dfda",
                "sha256:d747dd3d23d77ef44c6a3526e274af6efeb0a6f1afd5a69ba4d5be4098c8e141"
            ],
            "version": "==2019.1"
        },
        "six": {
            "hashes": [
                "sha256:3350809f0555b11f552448330d0b52d5f24c91a322ea4a15ef22629740f3761c",
                "sha256:d16a0141ec1a18405cd4ce8b4613101da75da0e9a7aec5bdd4fa804d0e0eba73"
            ],
            "version": "==1.12.0"
        },
        "sqlparse": {
            "hashes": [
                "sha256:40afe6b8d4b1117e7dff5504d7a8ce07d9a1b15aeeade8a2d10f130a834f8177",
                "sha256:7c3dca29c022744e95b547e867cee89f4fce4373f3549ccd8797d8eb52cdb873"
            ],
            "version": "==0.3.0"
        }
    },
    "develop": {
        "autopep8": {
            "hashes": [
                "sha256:4d8eec30cc81bc5617dbf1218201d770dc35629363547f17577c61683ccfb3ee"
            ],
            "index": "pypi",
            "version": "==1.4.4"
        },
        "pycodestyle": {
            "hashes": [
                "sha256:95a2219d12372f05704562a14ec30bc76b05a5b297b21a5dfe3f6fac3491ae56",
                "sha256:e40a936c9a450ad81df37f549d676d127b1b66000a6c500caa2b085bc0ca976c"
            ],
            "version": "==2.5.0"
        }
    }
}
